
Microsoft Visual Studio Solution File, Format Version 12.00
# Visual Studio Version 16
VisualStudioVersion = 16.0.30615.102
MinimumVisualStudioVersion = 10.0.40219.1
Project("{FAE04EC0-301F-11D3-BF4B-00C04F79EFBC}") = "OefeningFileIO", "OefeningFileIO\OefeningFileIO.csproj", "{77DA0F7B-0173-4391-AE63-8BB6BA451047}"
EndProject
Global
	GlobalSection(SolutionConfigurationPlatforms) = preSolution
		Debug|Any CPU = Debug|Any CPU
		Release|Any CPU = Release|Any CPU
	EndGlobalSection
	GlobalSection(ProjectConfigurationPlatforms) = postSolution
		{77DA0F7B-0173-4391-AE63-8BB6BA451047}.Debug|Any CPU.ActiveCfg = Debug|Any CPU
		{77DA0F7B-0173-4391-AE63-8BB6BA451047}.Debug|Any CPU.Build.0 = Debug|Any CPU
		{77DA0F7B-0173-4391-AE63-8BB6BA451047}.Release|Any CPU.ActiveCfg = Release|Any CPU
		{77DA0F7B-0173-4391-AE63-8BB6BA451047}.Release|Any CPU.Build.0 = Release|Any CPU
	EndGlobalSection
	GlobalSection(SolutionProperties) = preSolution
		HideSolutionNode = FALSE
	EndGlobalSection
	GlobalSection(ExtensibilityGlobals) = postSolution
		SolutionGuid = {614A4C55-40A3-4B6C-9247-4AB0ED1566DF}
	EndGlobalSection
EndGlobal
